
Microsoft Visual Studio Solution File, Format Version 12.00
# Visual Studio Version 17
VisualStudioVersion = 17.1.32328.378
MinimumVisualStudioVersion = 10.0.40219.1
Project("{FAE04EC0-301F-11D3-BF4B-00C04F79EFBC}") = "TestApp", "TestApp\TestApp.csproj", "{8D9E2BAA-5519-4BC6-A042-06843AD00811}"
EndProject
Project("{FAE04EC0-301F-11D3-BF4B-00C04F79EFBC}") = "Core", "Core\Core.csproj", "{9F606E73-B7A7-4910-8A5A-627FFD93B3FC}"
EndProject
Global
	GlobalSection(SolutionConfigurationPlatforms) = preSolution
		Debug|Any CPU = Debug|Any CPU
		Release|Any CPU = Release|Any CPU
	EndGlobalSection
	GlobalSection(ProjectConfigurationPlatforms) = postSolution
		{8D9E2BAA-5519-4BC6-A042-06843AD00811}.Debug|Any CPU.ActiveCfg = Debug|Any CPU
		{8D9E2BAA-5519-4BC6-A042-06843AD00811}.Debug|Any CPU.Build.0 = Debug|Any CPU
		{8D9E2BAA-5519-4BC6-A042-06843AD00811}.Debug|Any CPU.Deploy.0 = Debug|Any CPU
		{8D9E2BAA-5519-4BC6-A042-06843AD00811}.Release|Any CPU.ActiveCfg = Release|Any CPU
		{8D9E2BAA-5519-4BC6-A042-06843AD00811}.Release|Any CPU.Build.0 = Release|Any CPU
		{8D9E2BAA-5519-4BC6-A042-06843AD00811}.Release|Any CPU.Deploy.0 = Release|Any CPU
		{9F606E73-B7A7-4910-8A5A-627FFD93B3FC}.Debug|Any CPU.ActiveCfg = Debug|Any CPU
		{9F606E73-B7A7-4910-8A5A-627FFD93B3FC}.Debug|Any CPU.Build.0 = Debug|Any CPU
		{9F606E73-B7A7-4910-8A5A-627FFD93B3FC}.Release|Any CPU.ActiveCfg = Release|Any CPU
		{9F606E73-B7A7-4910-8A5A-627FFD93B3FC}.Release|Any CPU.Build.0 = Release|Any CPU
	EndGlobalSection
	GlobalSection(SolutionProperties) = preSolution
		HideSolutionNode = FALSE
	EndGlobalSection
	GlobalSection(ExtensibilityGlobals) = postSolution
		SolutionGuid = {486206D0-1A2C-42DE-8E41-84DB749F7BCF}
	EndGlobalSection
EndGlobal
